
Microsoft Visual Studio Solution File, Format Version 12.00
# Visual Studio Version 16
VisualStudioVersion = 16.0.29215.179
MinimumVisualStudioVersion = 10.0.40219.1
Project("{FAE04EC0-301F-11D3-BF4B-00C04F79EFBC}") = "iaSyncDWH", "iaSyncDWH\iaSyncDWH.csproj", "{3F56E94D-BB55-4B07-9200-B4A1E1C35826}"
EndProject
Global
	GlobalSection(SolutionConfigurationPlatforms) = preSolution
		Debug|Any CPU = Debug|Any CPU
		Release|Any CPU = Release|Any CPU
	EndGlobalSection
	GlobalSection(ProjectConfigurationPlatforms) = postSolution
		{3F56E94D-BB55-4B07-9200-B4A1E1C35826}.Debug|Any CPU.ActiveCfg = Debug|Any CPU
		{3F56E94D-BB55-4B07-9200-B4A1E1C35826}.Debug|Any CPU.Build.0 = Debug|Any CPU
		{3F56E94D-BB55-4B07-9200-B4A1E1C35826}.Release|Any CPU.ActiveCfg = Release|Any CPU
		{3F56E94D-BB55-4B07-9200-B4A1E1C35826}.Release|Any CPU.Build.0 = Release|Any CPU
	EndGlobalSection
	GlobalSection(SolutionProperties) = preSolution
		HideSolutionNode = FALSE
	EndGlobalSection
	GlobalSection(ExtensibilityGlobals) = postSolution
		SolutionGuid = {18C82AE8-62CB-41D2-B9C4-D7C281C240B0}
	EndGlobalSection
EndGlobal
